
Microsoft Visual Studio Solution File, Format Version 12.00
# Visual Studio Version 17
VisualStudioVersion = 17.7.34018.315
MinimumVisualStudioVersion = 10.0.40219.1
Project("{9A19103F-16F7-4668-BE54-9A1E7A4F7556}") = "Lab01-01", "Lab01-01\Lab01-01.csproj", "{A84D9D0E-6CD4-4541-83E8-36C66AF96BB6}"
EndProject
Project("{FAE04EC0-301F-11D3-BF4B-00C04F79EFBC}") = "Lab01-03", "Lap01-03\Lab01-03.csproj", "{CD022F1B-7E7F-478A-991F-395E8AEDB128}"
EndProject
Global
	GlobalSection(SolutionConfigurationPlatforms) = preSolution
		Debug|Any CPU = Debug|Any CPU
		Release|Any CPU = Release|Any CPU
	EndGlobalSection
	GlobalSection(ProjectConfigurationPlatforms) = postSolution
		{A84D9D0E-6CD4-4541-83E8-36C66AF96BB6}.Debug|Any CPU.ActiveCfg = Debug|Any CPU
		{A84D9D0E-6CD4-4541-83E8-36C66AF96BB6}.Debug|Any CPU.Build.0 = Debug|Any CPU
		{A84D9D0E-6CD4-4541-83E8-36C66AF96BB6}.Release|Any CPU.ActiveCfg = Release|Any CPU
		{A84D9D0E-6CD4-4541-83E8-36C66AF96BB6}.Release|Any CPU.Build.0 = Release|Any CPU
		{CD022F1B-7E7F-478A-991F-395E8AEDB128}.Debug|Any CPU.ActiveCfg = Debug|Any CPU
		{CD022F1B-7E7F-478A-991F-395E8AEDB128}.Debug|Any CPU.Build.0 = Debug|Any CPU
		{CD022F1B-7E7F-478A-991F-395E8AEDB128}.Release|Any CPU.ActiveCfg = Release|Any CPU
		{CD022F1B-7E7F-478A-991F-395E8AEDB128}.Release|Any CPU.Build.0 = Release|Any CPU
	EndGlobalSection
	GlobalSection(SolutionProperties) = preSolution
		HideSolutionNode = FALSE
	EndGlobalSection
	GlobalSection(ExtensibilityGlobals) = postSolution
		SolutionGuid = {3ED6EF05-18B6-48E3-9A97-D88A34167323}
	EndGlobalSection
EndGlobal
